// !$*UTF8*$!
{
	archiveVersion = 1;
	classes = {
	};
	objectVersion = 56;
	objects = {

/* Begin PBXBuildFile section */
		E4033BBE29B99BA40069CA13 /* NetworkManager.swift in Sources */ = {isa = PBXBuildFile; fileRef = E4033BBD29B99BA40069CA13 /* NetworkManager.swift */; };
		E4033BC129B99CD20069CA13 /* Alamofire in Frameworks */ = {isa = PBXBuildFile; productRef = E4033BC029B99CD20069CA13 /* Alamofire */; };
		E4033BC329B99D4D0069CA13 /* Response.swift in Sources */ = {isa = PBXBuildFile; fileRef = E4033BC229B99D4D0069CA13 /* Response.swift */; };
		E4033BC529B9A1A80069CA13 /* OnboardingViewController.swift in Sources */ = {isa = PBXBuildFile; fileRef = E4033BC429B9A1A80069CA13 /* OnboardingViewController.swift */; };
		E485F72829ADACAB00F84055 /* AppDelegate.swift in Sources */ = {isa = PBXBuildFile; fileRef = E485F72729ADACAB00F84055 /* AppDelegate.swift */; };
		E485F72A29ADACAB00F84055 /* SceneDelegate.swift in Sources */ = {isa = PBXBuildFile; fileRef = E485F72929ADACAB00F84055 /* SceneDelegate.swift */; };
		E485F72C29ADACAB00F84055 /* LoginViewController.swift in Sources */ = {isa = PBXBuildFile; fileRef = E485F72B29ADACAB00F84055 /* LoginViewController.swift */; };
		E485F72F29ADACAB00F84055 /* Main.storyboard in Resources */ = {isa = PBXBuildFile; fileRef = E485F72D29ADACAB00F84055 /* Main.storyboard */; };
		E485F73129ADACAD00F84055 /* Assets.xcassets in Resources */ = {isa = PBXBuildFile; fileRef = E485F73029ADACAD00F84055 /* Assets.xcassets */; };
		E485F73429ADACAD00F84055 /* LaunchScreen.storyboard in Resources */ = {isa = PBXBuildFile; fileRef = E485F73229ADACAD00F84055 /* LaunchScreen.storyboard */; };
		E4C8177129C44DBD00AF63FD /* GraphikRegular.otf in Resources */ = {isa = PBXBuildFile; fileRef = E4C8177029C44DBD00AF63FD /* GraphikRegular.otf */; };
		E4C8177329C4507400AF63FD /* GraphikSemibold.otf in Resources */ = {isa = PBXBuildFile; fileRef = E4C8177229C4507400AF63FD /* GraphikSemibold.otf */; };
		E4C8177729C4587100AF63FD /* GraphikLight.otf in Resources */ = {isa = PBXBuildFile; fileRef = E4C8177629C4587100AF63FD /* GraphikLight.otf */; };
		E4D96A1B29EE9B3200C45651 /* OnboardingScreen.swift in Sources */ = {isa = PBXBuildFile; fileRef = E4D96A1A29EE9B3200C45651 /* OnboardingScreen.swift */; };
/* End PBXBuildFile section */

/* Begin PBXFileReference section */
		E4033BBD29B99BA40069CA13 /* NetworkManager.swift */ = {isa = PBXFileReference; lastKnownFileType = sourcecode.swift; path = NetworkManager.swift; sourceTree = "<group>"; };
		E4033BC229B99D4D0069CA13 /* Response.swift */ = {isa = PBXFileReference; lastKnownFileType = sourcecode.swift; path = Response.swift; sourceTree = "<group>"; };
		E4033BC429B9A1A80069CA13 /* OnboardingViewController.swift */ = {isa = PBXFileReference; lastKnownFileType = sourcecode.swift; path = OnboardingViewController.swift; sourceTree = "<group>"; };
		E485F72429ADACAB00F84055 /* SkillboxDrive.app */ = {isa = PBXFileReference; explicitFileType = wrapper.application; includeInIndex = 0; path = SkillboxDrive.app; sourceTree = BUILT_PRODUCTS_DIR; };
		E485F72729ADACAB00F84055 /* AppDelegate.swift */ = {isa = PBXFileReference; lastKnownFileType = sourcecode.swift; path = AppDelegate.swift; sourceTree = "<group>"; };
		E485F72929ADACAB00F84055 /* SceneDelegate.swift */ = {isa = PBXFileReference; lastKnownFileType = sourcecode.swift; path = SceneDelegate.swift; sourceTree = "<group>"; };
		E485F72B29ADACAB00F84055 /* LoginViewController.swift */ = {isa = PBXFileReference; lastKnownFileType = sourcecode.swift; path = LoginViewController.swift; sourceTree = "<group>"; };
		E485F72E29ADACAB00F84055 /* Base */ = {isa = PBXFileReference; lastKnownFileType = file.storyboard; name = Base; path = Base.lproj/Main.storyboard; sourceTree = "<group>"; };
		E485F73029ADACAD00F84055 /* Assets.xcassets */ = {isa = PBXFileReference; lastKnownFileType = folder.assetcatalog; path = Assets.xcassets; sourceTree = "<group>"; };
		E485F73329ADACAD00F84055 /* Base */ = {isa = PBXFileReference; lastKnownFileType = file.storyboard; name = Base; path = Base.lproj/LaunchScreen.storyboard; sourceTree = "<group>"; };
		E485F73529ADACAD00F84055 /* Info.plist */ = {isa = PBXFileReference; lastKnownFileType = text.plist.xml; path = Info.plist; sourceTree = "<group>"; };
		E4C8177029C44DBD00AF63FD /* GraphikRegular.otf */ = {isa = PBXFileReference; lastKnownFileType = file; path = GraphikRegular.otf; sourceTree = "<group>"; };
		E4C8177229C4507400AF63FD /* GraphikSemibold.otf */ = {isa = PBXFileReference; lastKnownFileType = file; path = GraphikSemibold.otf; sourceTree = "<group>"; };
		E4C8177629C4587100AF63FD /* GraphikLight.otf */ = {isa = PBXFileReference; lastKnownFileType = file; path = GraphikLight.otf; sourceTree = "<group>"; };
		E4D96A1A29EE9B3200C45651 /* OnboardingScreen.swift */ = {isa = PBXFileReference; lastKnownFileType = sourcecode.swift; path = OnboardingScreen.swift; sourceTree = "<group>"; };
/* End PBXFileReference section */

/* Begin PBXFrameworksBuildPhase section */
		E485F72129ADACAB00F84055 /* Frameworks */ = {
			isa = PBXFrameworksBuildPhase;
			buildActionMask = 2147483647;
			files = (
				E4033BC129B99CD20069CA13 /* Alamofire in Frameworks */,
			);
			runOnlyForDeploymentPostprocessing = 0;
		};
/* End PBXFrameworksBuildPhase section */

/* Begin PBXGroup section */
		E485F71B29ADACAB00F84055 = {
			isa = PBXGroup;
			children = (
				E485F72629ADACAB00F84055 /* SkillboxDrive */,
				E485F73029ADACAD00F84055 /* Assets.xcassets */,
				E485F72529ADACAB00F84055 /* Products */,
			);
			sourceTree = "<group>";
		};
		E485F72529ADACAB00F84055 /* Products */ = {
			isa = PBXGroup;
			children = (
				E485F72429ADACAB00F84055 /* SkillboxDrive.app */,
			);
			name = Products;
			sourceTree = "<group>";
		};
		E485F72629ADACAB00F84055 /* SkillboxDrive */ = {
			isa = PBXGroup;
			children = (
				E4EA7E0829C43EFC009642AA /* Onboarding */,
				E485F73D29ADAFC200F84055 /* Login */,
				E485F73E29ADC8DB00F84055 /* Models */,
				E485F73F29ADCE3100F84055 /* Services */,
				E485F73C29ADAF9800F84055 /* Storyboards */,
				E4C8176F29C44D8E00AF63FD /* Fonts */,
				E485F73B29ADAF7000F84055 /* App */,
			);
			path = SkillboxDrive;
			sourceTree = "<group>";
		};
		E485F73B29ADAF7000F84055 /* App */ = {
			isa = PBXGroup;
			children = (
				E485F72729ADACAB00F84055 /* AppDelegate.swift */,
				E485F72929ADACAB00F84055 /* SceneDelegate.swift */,
				E485F73529ADACAD00F84055 /* Info.plist */,
			);
			path = App;
			sourceTree = "<group>";
		};
		E485F73C29ADAF9800F84055 /* Storyboards */ = {
			isa = PBXGroup;
			children = (
				E485F72D29ADACAB00F84055 /* Main.storyboard */,
				E485F73229ADACAD00F84055 /* LaunchScreen.storyboard */,
			);
			path = Storyboards;
			sourceTree = "<group>";
		};
		E485F73D29ADAFC200F84055 /* Login */ = {
			isa = PBXGroup;
			children = (
				E485F72B29ADACAB00F84055 /* LoginViewController.swift */,
			);
			path = Login;
			sourceTree = "<group>";
		};
		E485F73E29ADC8DB00F84055 /* Models */ = {
			isa = PBXGroup;
			children = (
				E4D96A1A29EE9B3200C45651 /* OnboardingScreen.swift */,
				E4033BC229B99D4D0069CA13 /* Response.swift */,
			);
			path = Models;
			sourceTree = "<group>";
		};
		E485F73F29ADCE3100F84055 /* Services */ = {
			isa = PBXGroup;
			children = (
				E4033BBD29B99BA40069CA13 /* NetworkManager.swift */,
			);
			path = Services;
			sourceTree = "<group>";
		};
		E4C8176F29C44D8E00AF63FD /* Fonts */ = {
			isa = PBXGroup;
			children = (
				E4C8177029C44DBD00AF63FD /* GraphikRegular.otf */,
				E4C8177229C4507400AF63FD /* GraphikSemibold.otf */,
				E4C8177629C4587100AF63FD /* GraphikLight.otf */,
			);
			path = Fonts;
			sourceTree = "<group>";
		};
		E4EA7E0829C43EFC009642AA /* Onboarding */ = {
			isa = PBXGroup;
			children = (
				E4033BC429B9A1A80069CA13 /* OnboardingViewController.swift */,
			);
			path = Onboarding;
			sourceTree = "<group>";
		};
/* End PBXGroup section */

/* Begin PBXNativeTarget section */
		E485F72329ADACAB00F84055 /* SkillboxDrive */ = {
			isa = PBXNativeTarget;
			buildConfigurationList = E485F73829ADACAD00F84055 /* Build configuration list for PBXNativeTarget "SkillboxDrive" */;
			buildPhases = (
				E485F72029ADACAB00F84055 /* Sources */,
				E485F72129ADACAB00F84055 /* Frameworks */,
				E485F72229ADACAB00F84055 /* Resources */,
			);
			buildRules = (
			);
			dependencies = (
			);
			name = SkillboxDrive;
			packageProductDependencies = (
				E4033BC029B99CD20069CA13 /* Alamofire */,
			);
			productName = SkillboxDrive;
			productReference = E485F72429ADACAB00F84055 /* SkillboxDrive.app */;
			productType = "com.apple.product-type.application";
		};
/* End PBXNativeTarget section */

/* Begin PBXProject section */
		E485F71C29ADACAB00F84055 /* Project object */ = {
			isa = PBXProject;
			attributes = {
				BuildIndependentTargetsInParallel = 1;
				LastSwiftUpdateCheck = 1420;
				LastUpgradeCheck = 1420;
				TargetAttributes = {
					E485F72329ADACAB00F84055 = {
						CreatedOnToolsVersion = 14.2;
					};
				};
			};
			buildConfigurationList = E485F71F29ADACAB00F84055 /* Build configuration list for PBXProject "SkillboxDrive" */;
			compatibilityVersion = "Xcode 14.0";
			developmentRegion = en;
			hasScannedForEncodings = 0;
			knownRegions = (
				en,
				Base,
			);
			mainGroup = E485F71B29ADACAB00F84055;
			packageReferences = (
				E4033BBF29B99CD20069CA13 /* XCRemoteSwiftPackageReference "Alamofire" */,
			);
			productRefGroup = E485F72529ADACAB00F84055 /* Products */;
			projectDirPath = "";
			projectRoot = "";
			targets = (
				E485F72329ADACAB00F84055 /* SkillboxDrive */,
			);
		};
/* End PBXProject section */

/* Begin PBXResourcesBuildPhase section */
		E485F72229ADACAB00F84055 /* Resources */ = {
			isa = PBXResourcesBuildPhase;
			buildActionMask = 2147483647;
			files = (
				E485F73429ADACAD00F84055 /* LaunchScreen.storyboard in Resources */,
				E4C8177129C44DBD00AF63FD /* GraphikRegular.otf in Resources */,
				E485F73129ADACAD00F84055 /* Assets.xcassets in Resources */,
				E485F72F29ADACAB00F84055 /* Main.storyboard in Resources */,
				E4C8177729C4587100AF63FD /* GraphikLight.otf in Resources */,
				E4C8177329C4507400AF63FD /* GraphikSemibold.otf in Resources */,
			);
			runOnlyForDeploymentPostprocessing = 0;
		};
/* End PBXResourcesBuildPhase section */

/* Begin PBXSourcesBuildPhase section */
		E485F72029ADACAB00F84055 /* Sources */ = {
			isa = PBXSourcesBuildPhase;
			buildActionMask = 2147483647;
			files = (
				E4033BBE29B99BA40069CA13 /* NetworkManager.swift in Sources */,
				E4033BC529B9A1A80069CA13 /* OnboardingViewController.swift in Sources */,
				E485F72C29ADACAB00F84055 /* LoginViewController.swift in Sources */,
				E4D96A1B29EE9B3200C45651 /* OnboardingScreen.swift in Sources */,
				E485F72829ADACAB00F84055 /* AppDelegate.swift in Sources */,
				E485F72A29ADACAB00F84055 /* SceneDelegate.swift in Sources */,
				E4033BC329B99D4D0069CA13 /* Response.swift in Sources */,
			);
			runOnlyForDeploymentPostprocessing = 0;
		};
/* End PBXSourcesBuildPhase section */

/* Begin PBXVariantGroup section */
		E485F72D29ADACAB00F84055 /* Main.storyboard */ = {
			isa = PBXVariantGroup;
			children = (
				E485F72E29ADACAB00F84055 /* Base */,
			);
			name = Main.storyboard;
			sourceTree = "<group>";
		};
		E485F73229ADACAD00F84055 /* LaunchScreen.storyboard */ = {
			isa = PBXVariantGroup;
			children = (
				E485F73329ADACAD00F84055 /* Base */,
			);
			name = LaunchScreen.storyboard;
			sourceTree = "<group>";
		};
/* End PBXVariantGroup section */

/* Begin XCBuildConfiguration section */
		E485F73629ADACAD00F84055 /* Debug */ = {
			isa = XCBuildConfiguration;
			buildSettings = {
				ALWAYS_SEARCH_USER_PATHS = NO;
				CLANG_ANALYZER_NONNULL = YES;
				CLANG_ANALYZER_NUMBER_OBJECT_CONVERSION = YES_AGGRESSIVE;
				CLANG_CXX_LANGUAGE_STANDARD = "gnu++20";
				CLANG_ENABLE_MODULES = YES;
				CLANG_ENABLE_OBJC_ARC = YES;
				CLANG_ENABLE_OBJC_WEAK = YES;
				CLANG_WARN_BLOCK_CAPTURE_AUTORELEASING = YES;
				CLANG_WARN_BOOL_CONVERSION = YES;
				CLANG_WARN_COMMA = YES;
				CLANG_WARN_CONSTANT_CONVERSION = YES;
				CLANG_WARN_DEPRECATED_OBJC_IMPLEMENTATIONS = YES;
				CLANG_WARN_DIRECT_OBJC_ISA_USAGE = YES_ERROR;
				CLANG_WARN_DOCUMENTATION_COMMENTS = YES;
				CLANG_WARN_EMPTY_BODY = YES;
				CLANG_WARN_ENUM_CONVERSION = YES;
				CLANG_WARN_INFINITE_RECURSION = YES;
				CLANG_WARN_INT_CONVERSION = YES;
				CLANG_WARN_NON_LITERAL_NULL_CONVERSION = YES;
				CLANG_WARN_OBJC_IMPLICIT_RETAIN_SELF = YES;
				CLANG_WARN_OBJC_LITERAL_CONVERSION = YES;
				CLANG_WARN_OBJC_ROOT_CLASS = YES_ERROR;
				CLANG_WARN_QUOTED_INCLUDE_IN_FRAMEWORK_HEADER = YES;
				CLANG_WARN_RANGE_LOOP_ANALYSIS = YES;
				CLANG_WARN_STRICT_PROTOTYPES = YES;
				CLANG_WARN_SUSPICIOUS_MOVE = YES;
				CLANG_WARN_UNGUARDED_AVAILABILITY = YES_AGGRESSIVE;
				CLANG_WARN_UNREACHABLE_CODE = YES;
				CLANG_WARN__DUPLICATE_METHOD_MATCH = YES;
				COPY_PHASE_STRIP = NO;
				DEBUG_INFORMATION_FORMAT = dwarf;
				ENABLE_STRICT_OBJC_MSGSEND = YES;
				ENABLE_TESTABILITY = YES;
				GCC_C_LANGUAGE_STANDARD = gnu11;
				GCC_DYNAMIC_NO_PIC = NO;
				GCC_NO_COMMON_BLOCKS = YES;
				GCC_OPTIMIZATION_LEVEL = 0;
				GCC_PREPROCESSOR_DEFINITIONS = (
					"DEBUG=1",
					"$(inherited)",
				);
				GCC_WARN_64_TO_32_BIT_CONVERSION = YES;
				GCC_WARN_ABOUT_RETURN_TYPE = YES_ERROR;
				GCC_WARN_UNDECLARED_SELECTOR = YES;
				GCC_WARN_UNINITIALIZED_AUTOS = YES_AGGRESSIVE;
				GCC_WARN_UNUSED_FUNCTION = YES;
				GCC_WARN_UNUSED_VARIABLE = YES;
				IPHONEOS_DEPLOYMENT_TARGET = 16.2;
				MTL_ENABLE_DEBUG_INFO = INCLUDE_SOURCE;
				MTL_FAST_MATH = YES;
				ONLY_ACTIVE_ARCH = YES;
				SDKROOT = iphoneos;
				SWIFT_ACTIVE_COMPILATION_CONDITIONS = DEBUG;
				SWIFT_OPTIMIZATION_LEVEL = "-Onone";
			};
			name = Debug;
		};
		E485F73729ADACAD00F84055 /* Release */ = {
			isa = XCBuildConfiguration;
			buildSettings = {
				ALWAYS_SEARCH_USER_PATHS = NO;
				CLANG_ANALYZER_NONNULL = YES;
				CLANG_ANALYZER_NUMBER_OBJECT_CONVERSION = YES_AGGRESSIVE;
				CLANG_CXX_LANGUAGE_STANDARD = "gnu++20";
				CLANG_ENABLE_MODULES = YES;
				CLANG_ENABLE_OBJC_ARC = YES;
				CLANG_ENABLE_OBJC_WEAK = YES;
				CLANG_WARN_BLOCK_CAPTURE_AUTORELEASING = YES;
				CLANG_WARN_BOOL_CONVERSION = YES;
				CLANG_WARN_COMMA = YES;
				CLANG_WARN_CONSTANT_CONVERSION = YES;
				CLANG_WARN_DEPRECATED_OBJC_IMPLEMENTATIONS = YES;
				CLANG_WARN_DIRECT_OBJC_ISA_USAGE = YES_ERROR;
				CLANG_WARN_DOCUMENTATION_COMMENTS = YES;
				CLANG_WARN_EMPTY_BODY = YES;
				CLANG_WARN_ENUM_CONVERSION = YES;
				CLANG_WARN_INFINITE_RECURSION = YES;
				CLANG_WARN_INT_CONVERSION = YES;
				CLANG_WARN_NON_LITERAL_NULL_CONVERSION = YES;
				CLANG_WARN_OBJC_IMPLICIT_RETAIN_SELF = YES;
				CLANG_WARN_OBJC_LITERAL_CONVERSION = YES;
				CLANG_WARN_OBJC_ROOT_CLASS = YES_ERROR;
				CLANG_WARN_QUOTED_INCLUDE_IN_FRAMEWORK_HEADER = YES;
				CLANG_WARN_RANGE_LOOP_ANALYSIS = YES;
				CLANG_WARN_STRICT_PROTOTYPES = YES;
				CLANG_WARN_SUSPICIOUS_MOVE = YES;
				CLANG_WARN_UNGUARDED_AVAILABILITY = YES_AGGRESSIVE;
				CLANG_WARN_UNREACHABLE_CODE = YES;
				CLANG_WARN__DUPLICATE_METHOD_MATCH = YES;
				COPY_PHASE_STRIP = NO;
				DEBUG_INFORMATION_FORMAT = "dwarf-with-dsym";
				ENABLE_NS_ASSERTIONS = NO;
				ENABLE_STRICT_OBJC_MSGSEND = YES;
				GCC_C_LANGUAGE_STANDARD = gnu11;
				GCC_NO_COMMON_BLOCKS = YES;
				GCC_WARN_64_TO_32_BIT_CONVERSION = YES;
				GCC_WARN_ABOUT_RETURN_TYPE = YES_ERROR;
				GCC_WARN_UNDECLARED_SELECTOR = YES;
				GCC_WARN_UNINITIALIZED_AUTOS = YES_AGGRESSIVE;
				GCC_WARN_UNUSED_FUNCTION = YES;
				GCC_WARN_UNUSED_VARIABLE = YES;
				IPHONEOS_DEPLOYMENT_TARGET = 16.2;
				MTL_ENABLE_DEBUG_INFO = NO;
				MTL_FAST_MATH = YES;
				SDKROOT = iphoneos;
				SWIFT_COMPILATION_MODE = wholemodule;
				SWIFT_OPTIMIZATION_LEVEL = "-O";
				VALIDATE_PRODUCT = YES;
			};
			name = Release;
		};
		E485F73929ADACAD00F84055 /* Debug */ = {
			isa = XCBuildConfiguration;
			buildSettings = {
				ASSETCATALOG_COMPILER_APPICON_NAME = AppIcon;
				ASSETCATALOG_COMPILER_GLOBAL_ACCENT_COLOR_NAME = AccentColor;
				CODE_SIGN_STYLE = Automatic;
				CURRENT_PROJECT_VERSION = 1;
				DEVELOPMENT_TEAM = X7QDNJU74Z;
				GENERATE_INFOPLIST_FILE = YES;
				INFOPLIST_FILE = SkillboxDrive/App/Info.plist;
				INFOPLIST_KEY_UIApplicationSupportsIndirectInputEvents = YES;
				INFOPLIST_KEY_UILaunchStoryboardName = LaunchScreen;
				INFOPLIST_KEY_UIMainStoryboardFile = Main;
				INFOPLIST_KEY_UIStatusBarStyle = UIStatusBarStyleLightContent;
				INFOPLIST_KEY_UISupportedInterfaceOrientations = UIInterfaceOrientationPortrait;
				INFOPLIST_KEY_UISupportedInterfaceOrientations_iPad = "UIInterfaceOrientationLandscapeLeft UIInterfaceOrientationLandscapeRight UIInterfaceOrientationPortrait UIInterfaceOrientationPortraitUpsideDown";
				IPHONEOS_DEPLOYMENT_TARGET = 13.0;
				LD_RUNPATH_SEARCH_PATHS = (
					"$(inherited)",
					"@executable_path/Frameworks",
				);
				MARKETING_VERSION = 1.0;
				PRODUCT_BUNDLE_IDENTIFIER = "Ruslan-Shigapov.SkillboxDrive";
				PRODUCT_NAME = "$(TARGET_NAME)";
				SUPPORTED_PLATFORMS = "iphoneos iphonesimulator";
				SUPPORTS_MACCATALYST = NO;
				SUPPORTS_MAC_DESIGNED_FOR_IPHONE_IPAD = NO;
				SWIFT_EMIT_LOC_STRINGS = YES;
				SWIFT_VERSION = 5.0;
				TARGETED_DEVICE_FAMILY = 1;
			};
			name = Debug;
		};
		E485F73A29ADACAD00F84055 /* Release */ = {
			isa = XCBuildConfiguration;
			buildSettings = {
				ASSETCATALOG_COMPILER_APPICON_NAME = AppIcon;
				ASSETCATALOG_COMPILER_GLOBAL_ACCENT_COLOR_NAME = AccentColor;
				CODE_SIGN_STYLE = Automatic;
				CURRENT_PROJECT_VERSION = 1;
				DEVELOPMENT_TEAM = X7QDNJU74Z;
				GENERATE_INFOPLIST_FILE = YES;
				INFOPLIST_FILE = SkillboxDrive/App/Info.plist;
				INFOPLIST_KEY_UIApplicationSupportsIndirectInputEvents = YES;
				INFOPLIST_KEY_UILaunchStoryboardName = LaunchScreen;
				INFOPLIST_KEY_UIMainStoryboardFile = Main;
				INFOPLIST_KEY_UIStatusBarStyle = UIStatusBarStyleLightContent;
				INFOPLIST_KEY_UISupportedInterfaceOrientations = UIInterfaceOrientationPortrait;
				INFOPLIST_KEY_UISupportedInterfaceOrientations_iPad = "UIInterfaceOrientationLandscapeLeft UIInterfaceOrientationLandscapeRight UIInterfaceOrientationPortrait UIInterfaceOrientationPortraitUpsideDown";
				IPHONEOS_DEPLOYMENT_TARGET = 13.0;
				LD_RUNPATH_SEARCH_PATHS = (
					"$(inherited)",
					"@executable_path/Frameworks",
				);
				MARKETING_VERSION = 1.0;
				PRODUCT_BUNDLE_IDENTIFIER = "Ruslan-Shigapov.SkillboxDrive";
				PRODUCT_NAME = "$(TARGET_NAME)";
				SUPPORTED_PLATFORMS = "iphoneos iphonesimulator";
				SUPPORTS_MACCATALYST = NO;
				SUPPORTS_MAC_DESIGNED_FOR_IPHONE_IPAD = NO;
				SWIFT_EMIT_LOC_STRINGS = YES;
				SWIFT_VERSION = 5.0;
				TARGETED_DEVICE_FAMILY = 1;
			};
			name = Release;
		};
/* End XCBuildConfiguration section */

/* Begin XCConfigurationList section */
		E485F71F29ADACAB00F84055 /* Build configuration list for PBXProject "SkillboxDrive" */ = {
			isa = XCConfigurationList;
			buildConfigurations = (
				E485F73629ADACAD00F84055 /* Debug */,
				E485F73729ADACAD00F84055 /* Release */,
			);
			defaultConfigurationIsVisible = 0;
			defaultConfigurationName = Release;
		};
		E485F73829ADACAD00F84055 /* Build configuration list for PBXNativeTarget "SkillboxDrive" */ = {
			isa = XCConfigurationList;
			buildConfigurations = (
				E485F73929ADACAD00F84055 /* Debug */,
				E485F73A29ADACAD00F84055 /* Release */,
			);
			defaultConfigurationIsVisible = 0;
			defaultConfigurationName = Release;
		};
/* End XCConfigurationList section */

/* Begin XCRemoteSwiftPackageReference section */
		E4033BBF29B99CD20069CA13 /* XCRemoteSwiftPackageReference "Alamofire" */ = {
			isa = XCRemoteSwiftPackageReference;
			repositoryURL = "https://github.com/Alamofire/Alamofire.git";
			requirement = {
				kind = exactVersion;
				version = 5.6.4;
			};
		};
/* End XCRemoteSwiftPackageReference section */

/* Begin XCSwiftPackageProductDependency section */
		E4033BC029B99CD20069CA13 /* Alamofire */ = {
			isa = XCSwiftPackageProductDependency;
			package = E4033BBF29B99CD20069CA13 /* XCRemoteSwiftPackageReference "Alamofire" */;
			productName = Alamofire;
		};
/* End XCSwiftPackageProductDependency section */
	};
	rootObject = E485F71C29ADACAB00F84055 /* Project object */;
}
